
Microsoft Visual Studio Solution File, Format Version 12.00
# Visual Studio 2012
Project("{FAE04EC0-301F-11D3-BF4B-00C04F79EFBC}") = "NuevoProyecto", "NuevoProyecto\NuevoProyecto.csproj", "{7FB7431C-B412-4CB8-A2C5-019BB6879C0E}"
EndProject
Global
	GlobalSection(SolutionConfigurationPlatforms) = preSolution
		Debug|Any CPU = Debug|Any CPU
		Release|Any CPU = Release|Any CPU
	EndGlobalSection
	GlobalSection(ProjectConfigurationPlatforms) = postSolution
		{7FB7431C-B412-4CB8-A2C5-019BB6879C0E}.Debug|Any CPU.ActiveCfg = Debug|Any CPU
		{7FB7431C-B412-4CB8-A2C5-019BB6879C0E}.Debug|Any CPU.Build.0 = Debug|Any CPU
		{7FB7431C-B412-4CB8-A2C5-019BB6879C0E}.Release|Any CPU.ActiveCfg = Release|Any CPU
		{7FB7431C-B412-4CB8-A2C5-019BB6879C0E}.Release|Any CPU.Build.0 = Release|Any CPU
	EndGlobalSection
	GlobalSection(SolutionProperties) = preSolution
		HideSolutionNode = FALSE
	EndGlobalSection
EndGlobal
